// !$*UTF8*$!
{
	archiveVersion = 1;
	classes = {
	};
	objectVersion = 46;
	objects = {

/* Begin PBXBuildFile section */
		0E0ECC151583681400116FAE /* UIImage+operation.m in Sources */ = {isa = PBXBuildFile; fileRef = 0E0ECC141583681400116FAE /* UIImage+operation.m */; };
		0E20426B15824F34009D88F2 /* UIKit.framework in Frameworks */ = {isa = PBXBuildFile; fileRef = 0E20426A15824F34009D88F2 /* UIKit.framework */; };
		0E20426D15824F34009D88F2 /* Foundation.framework in Frameworks */ = {isa = PBXBuildFile; fileRef = 0E20426C15824F34009D88F2 /* Foundation.framework */; };
		0E20426F15824F34009D88F2 /* CoreGraphics.framework in Frameworks */ = {isa = PBXBuildFile; fileRef = 0E20426E15824F34009D88F2 /* CoreGraphics.framework */; };
		0E20427515824F35009D88F2 /* InfoPlist.strings in Resources */ = {isa = PBXBuildFile; fileRef = 0E20427315824F35009D88F2 /* InfoPlist.strings */; };
		0E20427715824F35009D88F2 /* main.m in Sources */ = {isa = PBXBuildFile; fileRef = 0E20427615824F35009D88F2 /* main.m */; };
		0E20427B15824F35009D88F2 /* AppDelegate.m in Sources */ = {isa = PBXBuildFile; fileRef = 0E20427A15824F35009D88F2 /* AppDelegate.m */; };
		0E20427E15824F35009D88F2 /* MainStoryboard.storyboard in Resources */ = {isa = PBXBuildFile; fileRef = 0E20427C15824F35009D88F2 /* MainStoryboard.storyboard */; };
		0E20428115824F35009D88F2 /* ViewController.m in Sources */ = {isa = PBXBuildFile; fileRef = 0E20428015824F35009D88F2 /* ViewController.m */; };
		0E20429015824FF5009D88F2 /* ImageProcessingImplementation.mm in Sources */ = {isa = PBXBuildFile; fileRef = 0E20428D15824FF5009D88F2 /* ImageProcessingImplementation.mm */; };
		0E20429115824FF5009D88F2 /* ImageProcessor.cpp in Sources */ = {isa = PBXBuildFile; fileRef = 0E20428E15824FF5009D88F2 /* ImageProcessor.cpp */; };
		0E204296158252F3009D88F2 /* OpenCV.framework in Frameworks */ = {isa = PBXBuildFile; fileRef = 0E204295158252F3009D88F2 /* OpenCV.framework */; };
		0E20429815825303009D88F2 /* AVFoundation.framework in Frameworks */ = {isa = PBXBuildFile; fileRef = 0E20429715825303009D88F2 /* AVFoundation.framework */; };
		0E20429A15825308009D88F2 /* ImageIO.framework in Frameworks */ = {isa = PBXBuildFile; fileRef = 0E20429915825308009D88F2 /* ImageIO.framework */; };
		0E20429C15825316009D88F2 /* libz.dylib in Frameworks */ = {isa = PBXBuildFile; fileRef = 0E20429B15825316009D88F2 /* libz.dylib */; };
		0E20429E1582531F009D88F2 /* CoreVideo.framework in Frameworks */ = {isa = PBXBuildFile; fileRef = 0E20429D1582531F009D88F2 /* CoreVideo.framework */; };
		0E2042A015825324009D88F2 /* CoreMedia.framework in Frameworks */ = {isa = PBXBuildFile; fileRef = 0E20429F15825324009D88F2 /* CoreMedia.framework */; };
		0E2042A715825613009D88F2 /* UIImage+OpenCV.mm in Sources */ = {isa = PBXBuildFile; fileRef = 0E2042A615825612009D88F2 /* UIImage+OpenCV.mm */; };
		0E74048E15825A4E006AE2B4 /* liblept.a in Frameworks */ = {isa = PBXBuildFile; fileRef = 0E74048C15825A4E006AE2B4 /* liblept.a */; };
		0E74048F15825A4E006AE2B4 /* libtesseract_all.a in Frameworks */ = {isa = PBXBuildFile; fileRef = 0E74048D15825A4E006AE2B4 /* libtesseract_all.a */; };
		0E74049215825A5E006AE2B4 /* tessdata in Resources */ = {isa = PBXBuildFile; fileRef = 0E74049115825A5E006AE2B4 /* tessdata */; };
/* End PBXBuildFile section */

/* Begin PBXFileReference section */
		0E0ECC131583681400116FAE /* UIImage+operation.h */ = {isa = PBXFileReference; fileEncoding = 4; lastKnownFileType = sourcecode.c.h; path = "UIImage+operation.h"; sourceTree = "<group>"; };
		0E0ECC141583681400116FAE /* UIImage+operation.m */ = {isa = PBXFileReference; fileEncoding = 4; lastKnownFileType = sourcecode.c.objc; path = "UIImage+operation.m"; sourceTree = "<group>"; };
		0E20426615824F34009D88F2 /* TestOCR.app */ = {isa = PBXFileReference; explicitFileType = wrapper.application; includeInIndex = 0; path = TestOCR.app; sourceTree = BUILT_PRODUCTS_DIR; };
		0E20426A15824F34009D88F2 /* UIKit.framework */ = {isa = PBXFileReference; lastKnownFileType = wrapper.framework; name = UIKit.framework; path = System/Library/Frameworks/UIKit.framework; sourceTree = SDKROOT; };
		0E20426C15824F34009D88F2 /* Foundation.framework */ = {isa = PBXFileReference; lastKnownFileType = wrapper.framework; name = Foundation.framework; path = System/Library/Frameworks/Foundation.framework; sourceTree = SDKROOT; };
		0E20426E15824F34009D88F2 /* CoreGraphics.framework */ = {isa = PBXFileReference; lastKnownFileType = wrapper.framework; name = CoreGraphics.framework; path = System/Library/Frameworks/CoreGraphics.framework; sourceTree = SDKROOT; };
		0E20427215824F35009D88F2 /* TestOCR-Info.plist */ = {isa = PBXFileReference; lastKnownFileType = text.plist.xml; path = "TestOCR-Info.plist"; sourceTree = "<group>"; };
		0E20427415824F35009D88F2 /* en */ = {isa = PBXFileReference; lastKnownFileType = text.plist.strings; name = en; path = en.lproj/InfoPlist.strings; sourceTree = "<group>"; };
		0E20427615824F35009D88F2 /* main.m */ = {isa = PBXFileReference; lastKnownFileType = sourcecode.c.objc; path = main.m; sourceTree = "<group>"; };
		0E20427815824F35009D88F2 /* TestOCR-Prefix.pch */ = {isa = PBXFileReference; lastKnownFileType = sourcecode.c.h; path = "TestOCR-Prefix.pch"; sourceTree = "<group>"; };
		0E20427915824F35009D88F2 /* AppDelegate.h */ = {isa = PBXFileReference; lastKnownFileType = sourcecode.c.h; path = AppDelegate.h; sourceTree = "<group>"; };
		0E20427A15824F35009D88F2 /* AppDelegate.m */ = {isa = PBXFileReference; lastKnownFileType = sourcecode.c.objc; path = AppDelegate.m; sourceTree = "<group>"; };
		0E20427D15824F35009D88F2 /* en */ = {isa = PBXFileReference; lastKnownFileType = file.storyboard; name = en; path = en.lproj/MainStoryboard.storyboard; sourceTree = "<group>"; };
		0E20427F15824F35009D88F2 /* ViewController.h */ = {isa = PBXFileReference; lastKnownFileType = sourcecode.c.h; path = ViewController.h; sourceTree = "<group>"; };
		0E20428015824F35009D88F2 /* ViewController.m */ = {isa = PBXFileReference; lastKnownFileType = sourcecode.c.objc; path = ViewController.m; sourceTree = "<group>"; };
		0E20428B15824FF5009D88F2 /* ImageProcessingProtocol.h */ = {isa = PBXFileReference; fileEncoding = 4; lastKnownFileType = sourcecode.c.h; path = ImageProcessingProtocol.h; sourceTree = "<group>"; };
		0E20428C15824FF5009D88F2 /* ImageProcessingImplementation.h */ = {isa = PBXFileReference; fileEncoding = 4; lastKnownFileType = sourcecode.c.h; path = ImageProcessingImplementation.h; sourceTree = "<group>"; };
		0E20428D15824FF5009D88F2 /* ImageProcessingImplementation.mm */ = {isa = PBXFileReference; fileEncoding = 4; lastKnownFileType = sourcecode.cpp.objcpp; path = ImageProcessingImplementation.mm; sourceTree = "<group>"; };
		0E20428E15824FF5009D88F2 /* ImageProcessor.cpp */ = {isa = PBXFileReference; fileEncoding = 4; lastKnownFileType = sourcecode.cpp.cpp; path = ImageProcessor.cpp; sourceTree = "<group>"; };
		0E20428F15824FF5009D88F2 /* ImageProcessor.h */ = {isa = PBXFileReference; fileEncoding = 4; lastKnownFileType = sourcecode.c.h; path = ImageProcessor.h; sourceTree = "<group>"; };
		0E204295158252F3009D88F2 /* OpenCV.framework */ = {isa = PBXFileReference; lastKnownFileType = wrapper.framework; path = OpenCV.framework; sourceTree = "<group>"; };
		0E20429715825303009D88F2 /* AVFoundation.framework */ = {isa = PBXFileReference; lastKnownFileType = wrapper.framework; name = AVFoundation.framework; path = System/Library/Frameworks/AVFoundation.framework; sourceTree = SDKROOT; };
		0E20429915825308009D88F2 /* ImageIO.framework */ = {isa = PBXFileReference; lastKnownFileType = wrapper.framework; name = ImageIO.framework; path = System/Library/Frameworks/ImageIO.framework; sourceTree = SDKROOT; };
		0E20429B15825316009D88F2 /* libz.dylib */ = {isa = PBXFileReference; lastKnownFileType = "compiled.mach-o.dylib"; name = libz.dylib; path = usr/lib/libz.dylib; sourceTree = SDKROOT; };
		0E20429D1582531F009D88F2 /* CoreVideo.framework */ = {isa = PBXFileReference; lastKnownFileType = wrapper.framework; name = CoreVideo.framework; path = System/Library/Frameworks/CoreVideo.framework; sourceTree = SDKROOT; };
		0E20429F15825324009D88F2 /* CoreMedia.framework */ = {isa = PBXFileReference; lastKnownFileType = wrapper.framework; name = CoreMedia.framework; path = System/Library/Frameworks/CoreMedia.framework; sourceTree = SDKROOT; };
		0E2042A515825612009D88F2 /* UIImage+OpenCV.h */ = {isa = PBXFileReference; fileEncoding = 4; lastKnownFileType = sourcecode.c.h; path = "UIImage+OpenCV.h"; sourceTree = "<group>"; };
		0E2042A615825612009D88F2 /* UIImage+OpenCV.mm */ = {isa = PBXFileReference; fileEncoding = 4; lastKnownFileType = sourcecode.cpp.objcpp; path = "UIImage+OpenCV.mm"; sourceTree = "<group>"; };
		0E74046115825A4E006AE2B4 /* allheaders.h */ = {isa = PBXFileReference; fileEncoding = 4; lastKnownFileType = sourcecode.c.h; path = allheaders.h; sourceTree = "<group>"; };
		0E74046215825A4E006AE2B4 /* alltypes.h */ = {isa = PBXFileReference; fileEncoding = 4; lastKnownFileType = sourcecode.c.h; path = alltypes.h; sourceTree = "<group>"; };
		0E74046315825A4E006AE2B4 /* array.h */ = {isa = PBXFileReference; fileEncoding = 4; lastKnownFileType = sourcecode.c.h; path = array.h; sourceTree = "<group>"; };
		0E74046415825A4E006AE2B4 /* arrayaccess.h */ = {isa = PBXFileReference; fileEncoding = 4; lastKnownFileType = sourcecode.c.h; path = arrayaccess.h; sourceTree = "<group>"; };
		0E74046515825A4E006AE2B4 /* bbuffer.h */ = {isa = PBXFileReference; fileEncoding = 4; lastKnownFileType = sourcecode.c.h; path = bbuffer.h; sourceTree = "<group>"; };
		0E74046615825A4E006AE2B4 /* bmf.h */ = {isa = PBXFileReference; fileEncoding = 4; lastKnownFileType = sourcecode.c.h; path = bmf.h; sourceTree = "<group>"; };
		0E74046715825A4E006AE2B4 /* bmp.h */ = {isa = PBXFileReference; fileEncoding = 4; lastKnownFileType = sourcecode.c.h; path = bmp.h; sourceTree = "<group>"; };
		0E74046815825A4E006AE2B4 /* ccbord.h */ = {isa = PBXFileReference; fileEncoding = 4; lastKnownFileType = sourcecode.c.h; path = ccbord.h; sourceTree = "<group>"; };
		0E74046915825A4E006AE2B4 /* dewarp.h */ = {isa = PBXFileReference; fileEncoding = 4; lastKnownFileType = sourcecode.c.h; path = dewarp.h; sourceTree = "<group>"; };
		0E74046A15825A4E006AE2B4 /* endianness.h */ = {isa = PBXFileReference; fileEncoding = 4; lastKnownFileType = sourcecode.c.h; path = endianness.h; sourceTree = "<group>"; };
		0E74046B15825A4E006AE2B4 /* environ.h */ = {isa = PBXFileReference; fileEncoding = 4; lastKnownFileType = sourcecode.c.h; path = environ.h; sourceTree = "<group>"; };
		0E74046C15825A4E006AE2B4 /* freetype.h */ = {isa = PBXFileReference; fileEncoding = 4; lastKnownFileType = sourcecode.c.h; path = freetype.h; sourceTree = "<group>"; };
		0E74046D15825A4E006AE2B4 /* gplot.h */ = {isa = PBXFileReference; fileEncoding = 4; lastKnownFileType = sourcecode.c.h; path = gplot.h; sourceTree = "<group>"; };
		0E74046E15825A4E006AE2B4 /* heap.h */ = {isa = PBXFileReference; fileEncoding = 4; lastKnownFileType = sourcecode.c.h; path = heap.h; sourceTree = "<group>"; };
		0E74046F15825A4E006AE2B4 /* imageio.h */ = {isa = PBXFileReference; fileEncoding = 4; lastKnownFileType = sourcecode.c.h; path = imageio.h; sourceTree = "<group>"; };
		0E74047015825A4E006AE2B4 /* jbclass.h */ = {isa = PBXFileReference; fileEncoding = 4; lastKnownFileType = sourcecode.c.h; path = jbclass.h; sourceTree = "<group>"; };
		0E74047115825A4E006AE2B4 /* leptprotos.h */ = {isa = PBXFileReference; fileEncoding = 4; lastKnownFileType = sourcecode.c.h; path = leptprotos.h; sourceTree = "<group>"; };
		0E74047215825A4E006AE2B4 /* leptwin.h */ = {isa = PBXFileReference; fileEncoding = 4; lastKnownFileType = sourcecode.c.h; path = leptwin.h; sourceTree = "<group>"; };
		0E74047315825A4E006AE2B4 /* list.h */ = {isa = PBXFileReference; fileEncoding = 4; lastKnownFileType = sourcecode.c.h; path = list.h; sourceTree = "<group>"; };
		0E74047415825A4E006AE2B4 /* morph.h */ = {isa = PBXFileReference; fileEncoding = 4; lastKnownFileType = sourcecode.c.h; path = morph.h; sourceTree = "<group>"; };
		0E74047515825A4E006AE2B4 /* pix.h */ = {isa = PBXFileReference; fileEncoding = 4; lastKnownFileType = sourcecode.c.h; path = pix.h; sourceTree = "<group>"; };
		0E74047615825A4E006AE2B4 /* ptra.h */ = {isa = PBXFileReference; fileEncoding = 4; lastKnownFileType = sourcecode.c.h; path = ptra.h; sourceTree = "<group>"; };
		0E74047715825A4E006AE2B4 /* queue.h */ = {isa = PBXFileReference; fileEncoding = 4; lastKnownFileType = sourcecode.c.h; path = queue.h; sourceTree = "<group>"; };
		0E74047815825A4E006AE2B4 /* readbarcode.h */ = {isa = PBXFileReference; fileEncoding = 4; lastKnownFileType = sourcecode.c.h; path = readbarcode.h; sourceTree = "<group>"; };
		0E74047915825A4E006AE2B4 /* regutils.h */ = {isa = PBXFileReference; fileEncoding = 4; lastKnownFileType = sourcecode.c.h; path = regutils.h; sourceTree = "<group>"; };
		0E74047A15825A4E006AE2B4 /* stack.h */ = {isa = PBXFileReference; fileEncoding = 4; lastKnownFileType = sourcecode.c.h; path = stack.h; sourceTree = "<group>"; };
		0E74047B15825A4E006AE2B4 /* sudoku.h */ = {isa = PBXFileReference; fileEncoding = 4; lastKnownFileType = sourcecode.c.h; path = sudoku.h; sourceTree = "<group>"; };
		0E74047C15825A4E006AE2B4 /* watershed.h */ = {isa = PBXFileReference; fileEncoding = 4; lastKnownFileType = sourcecode.c.h; path = watershed.h; sourceTree = "<group>"; };
		0E74047E15825A4E006AE2B4 /* apitypes.h */ = {isa = PBXFileReference; fileEncoding = 4; lastKnownFileType = sourcecode.c.h; path = apitypes.h; sourceTree = "<group>"; };
		0E74047F15825A4E006AE2B4 /* baseapi.h */ = {isa = PBXFileReference; fileEncoding = 4; lastKnownFileType = sourcecode.c.h; path = baseapi.h; sourceTree = "<group>"; };
		0E74048015825A4E006AE2B4 /* errcode.h */ = {isa = PBXFileReference; fileEncoding = 4; lastKnownFileType = sourcecode.c.h; path = errcode.h; sourceTree = "<group>"; };
		0E74048115825A4E006AE2B4 /* genericvector.h */ = {isa = PBXFileReference; fileEncoding = 4; lastKnownFileType = sourcecode.c.h; path = genericvector.h; sourceTree = "<group>"; };
		0E74048215825A4E006AE2B4 /* helpers.h */ = {isa = PBXFileReference; fileEncoding = 4; lastKnownFileType = sourcecode.c.h; path = helpers.h; sourceTree = "<group>"; };
		0E74048315825A4E006AE2B4 /* host.h */ = {isa = PBXFileReference; fileEncoding = 4; lastKnownFileType = sourcecode.c.h; path = host.h; sourceTree = "<group>"; };
		0E74048415825A4E006AE2B4 /* ndminx.h */ = {isa = PBXFileReference; fileEncoding = 4; lastKnownFileType = sourcecode.c.h; path = ndminx.h; sourceTree = "<group>"; };
		0E74048515825A4E006AE2B4 /* ocrclass.h */ = {isa = PBXFileReference; fileEncoding = 4; lastKnownFileType = sourcecode.c.h; path = ocrclass.h; sourceTree = "<group>"; };
		0E74048615825A4E006AE2B4 /* platform.h */ = {isa = PBXFileReference; fileEncoding = 4; lastKnownFileType = sourcecode.c.h; path = platform.h; sourceTree = "<group>"; };
		0E74048715825A4E006AE2B4 /* publictypes.h */ = {isa = PBXFileReference; fileEncoding = 4; lastKnownFileType = sourcecode.c.h; path = publictypes.h; sourceTree = "<group>"; };
		0E74048815825A4E006AE2B4 /* tesscallback.h */ = {isa = PBXFileReference; fileEncoding = 4; lastKnownFileType = sourcecode.c.h; path = tesscallback.h; sourceTree = "<group>"; };
		0E74048915825A4E006AE2B4 /* thresholder.h */ = {isa = PBXFileReference; fileEncoding = 4; lastKnownFileType = sourcecode.c.h; path = thresholder.h; sourceTree = "<group>"; };
		0E74048A15825A4E006AE2B4 /* unichar.h */ = {isa = PBXFileReference; fileEncoding = 4; lastKnownFileType = sourcecode.c.h; path = unichar.h; sourceTree = "<group>"; };
		0E74048C15825A4E006AE2B4 /* liblept.a */ = {isa = PBXFileReference; lastKnownFileType = archive.ar; path = liblept.a; sourceTree = "<group>"; };
		0E74048D15825A4E006AE2B4 /* libtesseract_all.a */ = {isa = PBXFileReference; lastKnownFileType = archive.ar; path = libtesseract_all.a; sourceTree = "<group>"; };
		0E74049115825A5E006AE2B4 /* tessdata */ = {isa = PBXFileReference; lastKnownFileType = folder; path = tessdata; sourceTree = "<group>"; };
/* End PBXFileReference section */

/* Begin PBXFrameworksBuildPhase section */
		0E20426315824F34009D88F2 /* Frameworks */ = {
			isa = PBXFrameworksBuildPhase;
			buildActionMask = 2147483647;
			files = (
				0E2042A015825324009D88F2 /* CoreMedia.framework in Frameworks */,
				0E20429E1582531F009D88F2 /* CoreVideo.framework in Frameworks */,
				0E20429C15825316009D88F2 /* libz.dylib in Frameworks */,
				0E20429A15825308009D88F2 /* ImageIO.framework in Frameworks */,
				0E20429815825303009D88F2 /* AVFoundation.framework in Frameworks */,
				0E20426B15824F34009D88F2 /* UIKit.framework in Frameworks */,
				0E20426D15824F34009D88F2 /* Foundation.framework in Frameworks */,
				0E20426F15824F34009D88F2 /* CoreGraphics.framework in Frameworks */,
				0E204296158252F3009D88F2 /* OpenCV.framework in Frameworks */,
				0E74048E15825A4E006AE2B4 /* liblept.a in Frameworks */,
				0E74048F15825A4E006AE2B4 /* libtesseract_all.a in Frameworks */,
			);
			runOnlyForDeploymentPostprocessing = 0;
		};
/* End PBXFrameworksBuildPhase section */

/* Begin PBXGroup section */
		0E20425B15824F34009D88F2 = {
			isa = PBXGroup;
			children = (
				0E20427015824F35009D88F2 /* TestOCR */,
				0E20426915824F34009D88F2 /* Frameworks */,
				0E20426715824F34009D88F2 /* Products */,
			);
			sourceTree = "<group>";
		};
		0E20426715824F34009D88F2 /* Products */ = {
			isa = PBXGroup;
			children = (
				0E20426615824F34009D88F2 /* TestOCR.app */,
			);
			name = Products;
			sourceTree = "<group>";
		};
		0E20426915824F34009D88F2 /* Frameworks */ = {
			isa = PBXGroup;
			children = (
				0E20429F15825324009D88F2 /* CoreMedia.framework */,
				0E20429D1582531F009D88F2 /* CoreVideo.framework */,
				0E20429B15825316009D88F2 /* libz.dylib */,
				0E20429915825308009D88F2 /* ImageIO.framework */,
				0E20429715825303009D88F2 /* AVFoundation.framework */,
				0E204295158252F3009D88F2 /* OpenCV.framework */,
				0E20426A15824F34009D88F2 /* UIKit.framework */,
				0E20426C15824F34009D88F2 /* Foundation.framework */,
				0E20426E15824F34009D88F2 /* CoreGraphics.framework */,
			);
			name = Frameworks;
			sourceTree = "<group>";
		};
		0E20427015824F35009D88F2 /* TestOCR */ = {
			isa = PBXGroup;
			children = (
				0E74049115825A5E006AE2B4 /* tessdata */,
				0E74045E15825A4E006AE2B4 /* dependencies */,
				0E20427915824F35009D88F2 /* AppDelegate.h */,
				0E20427A15824F35009D88F2 /* AppDelegate.m */,
				0E20427C15824F35009D88F2 /* MainStoryboard.storyboard */,
				0E20427F15824F35009D88F2 /* ViewController.h */,
				0E20428015824F35009D88F2 /* ViewController.m */,
				0E20428B15824FF5009D88F2 /* ImageProcessingProtocol.h */,
				0E20428C15824FF5009D88F2 /* ImageProcessingImplementation.h */,
				0E20428D15824FF5009D88F2 /* ImageProcessingImplementation.mm */,
				0E20428E15824FF5009D88F2 /* ImageProcessor.cpp */,
				0E20428F15824FF5009D88F2 /* ImageProcessor.h */,
				0E2042A515825612009D88F2 /* UIImage+OpenCV.h */,
				0E2042A615825612009D88F2 /* UIImage+OpenCV.mm */,
				0E0ECC131583681400116FAE /* UIImage+operation.h */,
				0E0ECC141583681400116FAE /* UIImage+operation.m */,
				0E20427115824F35009D88F2 /* Supporting Files */,
			);
			name = TestOCR;
			path = infojobOCR;
			sourceTree = "<group>";
		};
		0E20427115824F35009D88F2 /* Supporting Files */ = {
			isa = PBXGroup;
			children = (
				0E20427215824F35009D88F2 /* TestOCR-Info.plist */,
				0E20427315824F35009D88F2 /* InfoPlist.strings */,
				0E20427615824F35009D88F2 /* main.m */,
				0E20427815824F35009D88F2 /* TestOCR-Prefix.pch */,
			);
			name = "Supporting Files";
			sourceTree = "<group>";
		};
		0E74045E15825A4E006AE2B4 /* dependencies */ = {
			isa = PBXGroup;
			children = (
				0E74045F15825A4E006AE2B4 /* include */,
				0E74048B15825A4E006AE2B4 /* lib */,
			);
			path = dependencies;
			sourceTree = "<group>";
		};
		0E74045F15825A4E006AE2B4 /* include */ = {
			isa = PBXGroup;
			children = (
				0E74046015825A4E006AE2B4 /* leptonica */,
				0E74047D15825A4E006AE2B4 /* tesseract */,
			);
			path = include;
			sourceTree = "<group>";
		};
		0E74046015825A4E006AE2B4 /* leptonica */ = {
			isa = PBXGroup;
			children = (
				0E74046115825A4E006AE2B4 /* allheaders.h */,
				0E74046215825A4E006AE2B4 /* alltypes.h */,
				0E74046315825A4E006AE2B4 /* array.h */,
				0E74046415825A4E006AE2B4 /* arrayaccess.h */,
				0E74046515825A4E006AE2B4 /* bbuffer.h */,
				0E74046615825A4E006AE2B4 /* bmf.h */,
				0E74046715825A4E006AE2B4 /* bmp.h */,
				0E74046815825A4E006AE2B4 /* ccbord.h */,
				0E74046915825A4E006AE2B4 /* dewarp.h */,
				0E74046A15825A4E006AE2B4 /* endianness.h */,
				0E74046B15825A4E006AE2B4 /* environ.h */,
				0E74046C15825A4E006AE2B4 /* freetype.h */,
				0E74046D15825A4E006AE2B4 /* gplot.h */,
				0E74046E15825A4E006AE2B4 /* heap.h */,
				0E74046F15825A4E006AE2B4 /* imageio.h */,
				0E74047015825A4E006AE2B4 /* jbclass.h */,
				0E74047115825A4E006AE2B4 /* leptprotos.h */,
				0E74047215825A4E006AE2B4 /* leptwin.h */,
				0E74047315825A4E006AE2B4 /* list.h */,
				0E74047415825A4E006AE2B4 /* morph.h */,
				0E74047515825A4E006AE2B4 /* pix.h */,
				0E74047615825A4E006AE2B4 /* ptra.h */,
				0E74047715825A4E006AE2B4 /* queue.h */,
				0E74047815825A4E006AE2B4 /* readbarcode.h */,
				0E74047915825A4E006AE2B4 /* regutils.h */,
				0E74047A15825A4E006AE2B4 /* stack.h */,
				0E74047B15825A4E006AE2B4 /* sudoku.h */,
				0E74047C15825A4E006AE2B4 /* watershed.h */,
			);
			path = leptonica;
			sourceTree = "<group>";
		};
		0E74047D15825A4E006AE2B4 /* tesseract */ = {
			isa = PBXGroup;
			children = (
				0E74047E15825A4E006AE2B4 /* apitypes.h */,
				0E74047F15825A4E006AE2B4 /* baseapi.h */,
				0E74048015825A4E006AE2B4 /* errcode.h */,
				0E74048115825A4E006AE2B4 /* genericvector.h */,
				0E74048215825A4E006AE2B4 /* helpers.h */,
				0E74048315825A4E006AE2B4 /* host.h */,
				0E74048415825A4E006AE2B4 /* ndminx.h */,
				0E74048515825A4E006AE2B4 /* ocrclass.h */,
				0E74048615825A4E006AE2B4 /* platform.h */,
				0E74048715825A4E006AE2B4 /* publictypes.h */,
				0E74048815825A4E006AE2B4 /* tesscallback.h */,
				0E74048915825A4E006AE2B4 /* thresholder.h */,
				0E74048A15825A4E006AE2B4 /* unichar.h */,
			);
			path = tesseract;
			sourceTree = "<group>";
		};
		0E74048B15825A4E006AE2B4 /* lib */ = {
			isa = PBXGroup;
			children = (
				0E74048C15825A4E006AE2B4 /* liblept.a */,
				0E74048D15825A4E006AE2B4 /* libtesseract_all.a */,
			);
			path = lib;
			sourceTree = "<group>";
		};
/* End PBXGroup section */

/* Begin PBXNativeTarget section */
		0E20426515824F34009D88F2 /* TestOCR */ = {
			isa = PBXNativeTarget;
			buildConfigurationList = 0E20428415824F35009D88F2 /* Build configuration list for PBXNativeTarget "TestOCR" */;
			buildPhases = (
				0E20426215824F34009D88F2 /* Sources */,
				0E20426315824F34009D88F2 /* Frameworks */,
				0E20426415824F34009D88F2 /* Resources */,
			);
			buildRules = (
			);
			dependencies = (
			);
			name = TestOCR;
			productName = infojobOCR;
			productReference = 0E20426615824F34009D88F2 /* TestOCR.app */;
			productType = "com.apple.product-type.application";
		};
/* End PBXNativeTarget section */

/* Begin PBXProject section */
		0E20425D15824F34009D88F2 /* Project object */ = {
			isa = PBXProject;
			attributes = {
				LastUpgradeCheck = 0430;
				ORGANIZATIONNAME = 26775;
			};
			buildConfigurationList = 0E20426015824F34009D88F2 /* Build configuration list for PBXProject "TestOCR" */;
			compatibilityVersion = "Xcode 3.2";
			developmentRegion = English;
			hasScannedForEncodings = 0;
			knownRegions = (
				en,
			);
			mainGroup = 0E20425B15824F34009D88F2;
			productRefGroup = 0E20426715824F34009D88F2 /* Products */;
			projectDirPath = "";
			projectRoot = "";
			targets = (
				0E20426515824F34009D88F2 /* TestOCR */,
			);
		};
/* End PBXProject section */

/* Begin PBXResourcesBuildPhase section */
		0E20426415824F34009D88F2 /* Resources */ = {
			isa = PBXResourcesBuildPhase;
			buildActionMask = 2147483647;
			files = (
				0E20427515824F35009D88F2 /* InfoPlist.strings in Resources */,
				0E20427E15824F35009D88F2 /* MainStoryboard.storyboard in Resources */,
				0E74049215825A5E006AE2B4 /* tessdata in Resources */,
			);
			runOnlyForDeploymentPostprocessing = 0;
		};
/* End PBXResourcesBuildPhase section */

/* Begin PBXSourcesBuildPhase section */
		0E20426215824F34009D88F2 /* Sources */ = {
			isa = PBXSourcesBuildPhase;
			buildActionMask = 2147483647;
			files = (
				0E20427715824F35009D88F2 /* main.m in Sources */,
				0E20427B15824F35009D88F2 /* AppDelegate.m in Sources */,
				0E20428115824F35009D88F2 /* ViewController.m in Sources */,
				0E20429015824FF5009D88F2 /* ImageProcessingImplementation.mm in Sources */,
				0E20429115824FF5009D88F2 /* ImageProcessor.cpp in Sources */,
				0E2042A715825613009D88F2 /* UIImage+OpenCV.mm in Sources */,
				0E0ECC151583681400116FAE /* UIImage+operation.m in Sources */,
			);
			runOnlyForDeploymentPostprocessing = 0;
		};
/* End PBXSourcesBuildPhase section */

/* Begin PBXVariantGroup section */
		0E20427315824F35009D88F2 /* InfoPlist.strings */ = {
			isa = PBXVariantGroup;
			children = (
				0E20427415824F35009D88F2 /* en */,
			);
			name = InfoPlist.strings;
			sourceTree = "<group>";
		};
		0E20427C15824F35009D88F2 /* MainStoryboard.storyboard */ = {
			isa = PBXVariantGroup;
			children = (
				0E20427D15824F35009D88F2 /* en */,
			);
			name = MainStoryboard.storyboard;
			sourceTree = "<group>";
		};
/* End PBXVariantGroup section */

/* Begin XCBuildConfiguration section */
		0E20428215824F35009D88F2 /* Debug */ = {
			isa = XCBuildConfiguration;
			buildSettings = {
				ALWAYS_SEARCH_USER_PATHS = NO;
				ARCHS = "$(ARCHS_STANDARD_32_BIT)";
				CLANG_ENABLE_OBJC_ARC = YES;
				"CODE_SIGN_IDENTITY[sdk=iphoneos*]" = "iPhone Developer";
				COPY_PHASE_STRIP = NO;
				GCC_C_LANGUAGE_STANDARD = gnu99;
				GCC_DYNAMIC_NO_PIC = NO;
				GCC_OPTIMIZATION_LEVEL = 0;
				GCC_PREPROCESSOR_DEFINITIONS = (
					"DEBUG=1",
					"$(inherited)",
				);
				GCC_SYMBOLS_PRIVATE_EXTERN = NO;
				GCC_VERSION = com.apple.compilers.llvm.clang.1_0;
				GCC_WARN_ABOUT_RETURN_TYPE = YES;
				GCC_WARN_UNINITIALIZED_AUTOS = YES;
				GCC_WARN_UNUSED_VARIABLE = YES;
				IPHONEOS_DEPLOYMENT_TARGET = 5.1;
				SDKROOT = iphoneos;
			};
			name = Debug;
		};
		0E20428315824F35009D88F2 /* Release */ = {
			isa = XCBuildConfiguration;
			buildSettings = {
				ALWAYS_SEARCH_USER_PATHS = NO;
				ARCHS = "$(ARCHS_STANDARD_32_BIT)";
				CLANG_ENABLE_OBJC_ARC = YES;
				"CODE_SIGN_IDENTITY[sdk=iphoneos*]" = "iPhone Developer";
				COPY_PHASE_STRIP = YES;
				GCC_C_LANGUAGE_STANDARD = gnu99;
				GCC_VERSION = com.apple.compilers.llvm.clang.1_0;
				GCC_WARN_ABOUT_RETURN_TYPE = YES;
				GCC_WARN_UNINITIALIZED_AUTOS = YES;
				GCC_WARN_UNUSED_VARIABLE = YES;
				IPHONEOS_DEPLOYMENT_TARGET = 5.1;
				OTHER_CFLAGS = "-DNS_BLOCK_ASSERTIONS=1";
				SDKROOT = iphoneos;
				VALIDATE_PRODUCT = YES;
			};
			name = Release;
		};
		0E20428515824F35009D88F2 /* Debug */ = {
			isa = XCBuildConfiguration;
			buildSettings = {
				FRAMEWORK_SEARCH_PATHS = (
					"$(inherited)",
					"\"$(SRCROOT)\"",
				);
				GCC_PRECOMPILE_PREFIX_HEADER = YES;
				GCC_PREFIX_HEADER = "infojobOCR/TestOCR-Prefix.pch";
				INFOPLIST_FILE = "infojobOCR/TestOCR-Info.plist";
				LIBRARY_SEARCH_PATHS = (
					"$(inherited)",
					"\"$(SRCROOT)/infojobOCR/dependencies/lib\"",
				);
				PRODUCT_NAME = TestOCR;
				WRAPPER_EXTENSION = app;
			};
			name = Debug;
		};
		0E20428615824F35009D88F2 /* Release */ = {
			isa = XCBuildConfiguration;
			buildSettings = {
				FRAMEWORK_SEARCH_PATHS = (
					"$(inherited)",
					"\"$(SRCROOT)\"",
				);
				GCC_PRECOMPILE_PREFIX_HEADER = YES;
				GCC_PREFIX_HEADER = "infojobOCR/TestOCR-Prefix.pch";
				INFOPLIST_FILE = "infojobOCR/TestOCR-Info.plist";
				LIBRARY_SEARCH_PATHS = (
					"$(inherited)",
					"\"$(SRCROOT)/infojobOCR/dependencies/lib\"",
				);
				PRODUCT_NAME = TestOCR;
				WRAPPER_EXTENSION = app;
			};
			name = Release;
		};
/* End XCBuildConfiguration section */

/* Begin XCConfigurationList section */
		0E20426015824F34009D88F2 /* Build configuration list for PBXProject "TestOCR" */ = {
			isa = XCConfigurationList;
			buildConfigurations = (
				0E20428215824F35009D88F2 /* Debug */,
				0E20428315824F35009D88F2 /* Release */,
			);
			defaultConfigurationIsVisible = 0;
			defaultConfigurationName = Release;
		};
		0E20428415824F35009D88F2 /* Build configuration list for PBXNativeTarget "TestOCR" */ = {
			isa = XCConfigurationList;
			buildConfigurations = (
				0E20428515824F35009D88F2 /* Debug */,
				0E20428615824F35009D88F2 /* Release */,
			);
			defaultConfigurationIsVisible = 0;
			defaultConfigurationName = Release;
		};
/* End XCConfigurationList section */
	};
	rootObject = 0E20425D15824F34009D88F2 /* Project object */;
}
