// !$*UTF8*$!
{
	archiveVersion = 1;
	classes = {
	};
	objectVersion = 46;
	objects = {

/* Begin PBXBuildFile section */
		0C4F6D0829C540F3B7E86E23 /* libPods.a in Frameworks */ = {isa = PBXBuildFile; fileRef = 6442C35B3A894F23BF9DB1A8 /* libPods.a */; };
		0E0ECC151583681400116FAE /* UIImage+operation.m in Sources */ = {isa = PBXBuildFile; fileRef = 0E0ECC141583681400116FAE /* UIImage+operation.m */; };
		0E20426B15824F34009D88F2 /* UIKit.framework in Frameworks */ = {isa = PBXBuildFile; fileRef = 0E20426A15824F34009D88F2 /* UIKit.framework */; };
		0E20426D15824F34009D88F2 /* Foundation.framework in Frameworks */ = {isa = PBXBuildFile; fileRef = 0E20426C15824F34009D88F2 /* Foundation.framework */; };
		0E20426F15824F34009D88F2 /* CoreGraphics.framework in Frameworks */ = {isa = PBXBuildFile; fileRef = 0E20426E15824F34009D88F2 /* CoreGraphics.framework */; };
		0E20427515824F35009D88F2 /* InfoPlist.strings in Resources */ = {isa = PBXBuildFile; fileRef = 0E20427315824F35009D88F2 /* InfoPlist.strings */; };
		0E20427715824F35009D88F2 /* main.m in Sources */ = {isa = PBXBuildFile; fileRef = 0E20427615824F35009D88F2 /* main.m */; };
		0E20427B15824F35009D88F2 /* AppDelegate.m in Sources */ = {isa = PBXBuildFile; fileRef = 0E20427A15824F35009D88F2 /* AppDelegate.m */; };
		0E20427E15824F35009D88F2 /* MainStoryboard.storyboard in Resources */ = {isa = PBXBuildFile; fileRef = 0E20427C15824F35009D88F2 /* MainStoryboard.storyboard */; };
		0E20428115824F35009D88F2 /* ViewController.m in Sources */ = {isa = PBXBuildFile; fileRef = 0E20428015824F35009D88F2 /* ViewController.m */; };
		0E20429015824FF5009D88F2 /* ImageProcessingImplementation.mm in Sources */ = {isa = PBXBuildFile; fileRef = 0E20428D15824FF5009D88F2 /* ImageProcessingImplementation.mm */; };
		0E20429115824FF5009D88F2 /* ImageProcessor.cpp in Sources */ = {isa = PBXBuildFile; fileRef = 0E20428E15824FF5009D88F2 /* ImageProcessor.cpp */; };
		0E20429815825303009D88F2 /* AVFoundation.framework in Frameworks */ = {isa = PBXBuildFile; fileRef = 0E20429715825303009D88F2 /* AVFoundation.framework */; };
		0E20429A15825308009D88F2 /* ImageIO.framework in Frameworks */ = {isa = PBXBuildFile; fileRef = 0E20429915825308009D88F2 /* ImageIO.framework */; };
		0E20429C15825316009D88F2 /* libz.dylib in Frameworks */ = {isa = PBXBuildFile; fileRef = 0E20429B15825316009D88F2 /* libz.dylib */; };
		0E20429E1582531F009D88F2 /* CoreVideo.framework in Frameworks */ = {isa = PBXBuildFile; fileRef = 0E20429D1582531F009D88F2 /* CoreVideo.framework */; };
		0E2042A015825324009D88F2 /* CoreMedia.framework in Frameworks */ = {isa = PBXBuildFile; fileRef = 0E20429F15825324009D88F2 /* CoreMedia.framework */; };
		0E2042A715825613009D88F2 /* UIImage+OpenCV.mm in Sources */ = {isa = PBXBuildFile; fileRef = 0E2042A615825612009D88F2 /* UIImage+OpenCV.mm */; };
		0E74049215825A5E006AE2B4 /* tessdata in Resources */ = {isa = PBXBuildFile; fileRef = 0E74049115825A5E006AE2B4 /* tessdata */; };
/* End PBXBuildFile section */

/* Begin PBXFileReference section */
		0997D6262A934A0E9CDE4161 /* Pods.xcconfig */ = {isa = PBXFileReference; includeInIndex = 1; lastKnownFileType = text.xcconfig; name = Pods.xcconfig; path = Pods/Pods.xcconfig; sourceTree = SOURCE_ROOT; };
		0E0ECC131583681400116FAE /* UIImage+operation.h */ = {isa = PBXFileReference; fileEncoding = 4; lastKnownFileType = sourcecode.c.h; path = "UIImage+operation.h"; sourceTree = "<group>"; };
		0E0ECC141583681400116FAE /* UIImage+operation.m */ = {isa = PBXFileReference; fileEncoding = 4; lastKnownFileType = sourcecode.c.objc; path = "UIImage+operation.m"; sourceTree = "<group>"; };
		0E20426615824F34009D88F2 /* TestOCR.app */ = {isa = PBXFileReference; explicitFileType = wrapper.application; includeInIndex = 0; path = TestOCR.app; sourceTree = BUILT_PRODUCTS_DIR; };
		0E20426A15824F34009D88F2 /* UIKit.framework */ = {isa = PBXFileReference; lastKnownFileType = wrapper.framework; name = UIKit.framework; path = System/Library/Frameworks/UIKit.framework; sourceTree = SDKROOT; };
		0E20426C15824F34009D88F2 /* Foundation.framework */ = {isa = PBXFileReference; lastKnownFileType = wrapper.framework; name = Foundation.framework; path = System/Library/Frameworks/Foundation.framework; sourceTree = SDKROOT; };
		0E20426E15824F34009D88F2 /* CoreGraphics.framework */ = {isa = PBXFileReference; lastKnownFileType = wrapper.framework; name = CoreGraphics.framework; path = System/Library/Frameworks/CoreGraphics.framework; sourceTree = SDKROOT; };
		0E20427215824F35009D88F2 /* TestOCR-Info.plist */ = {isa = PBXFileReference; lastKnownFileType = text.plist.xml; path = "TestOCR-Info.plist"; sourceTree = "<group>"; };
		0E20427415824F35009D88F2 /* en */ = {isa = PBXFileReference; lastKnownFileType = text.plist.strings; name = en; path = en.lproj/InfoPlist.strings; sourceTree = "<group>"; };
		0E20427615824F35009D88F2 /* main.m */ = {isa = PBXFileReference; lastKnownFileType = sourcecode.c.objc; path = main.m; sourceTree = "<group>"; };
		0E20427815824F35009D88F2 /* TestOCR-Prefix.pch */ = {isa = PBXFileReference; lastKnownFileType = sourcecode.c.h; path = "TestOCR-Prefix.pch"; sourceTree = "<group>"; };
		0E20427915824F35009D88F2 /* AppDelegate.h */ = {isa = PBXFileReference; lastKnownFileType = sourcecode.c.h; path = AppDelegate.h; sourceTree = "<group>"; };
		0E20427A15824F35009D88F2 /* AppDelegate.m */ = {isa = PBXFileReference; lastKnownFileType = sourcecode.c.objc; path = AppDelegate.m; sourceTree = "<group>"; };
		0E20427D15824F35009D88F2 /* en */ = {isa = PBXFileReference; lastKnownFileType = file.storyboard; name = en; path = en.lproj/MainStoryboard.storyboard; sourceTree = "<group>"; };
		0E20427F15824F35009D88F2 /* ViewController.h */ = {isa = PBXFileReference; lastKnownFileType = sourcecode.c.h; path = ViewController.h; sourceTree = "<group>"; };
		0E20428015824F35009D88F2 /* ViewController.m */ = {isa = PBXFileReference; lastKnownFileType = sourcecode.c.objc; path = ViewController.m; sourceTree = "<group>"; };
		0E20428B15824FF5009D88F2 /* ImageProcessingProtocol.h */ = {isa = PBXFileReference; fileEncoding = 4; lastKnownFileType = sourcecode.c.h; path = ImageProcessingProtocol.h; sourceTree = "<group>"; };
		0E20428C15824FF5009D88F2 /* ImageProcessingImplementation.h */ = {isa = PBXFileReference; fileEncoding = 4; lastKnownFileType = sourcecode.c.h; path = ImageProcessingImplementation.h; sourceTree = "<group>"; };
		0E20428D15824FF5009D88F2 /* ImageProcessingImplementation.mm */ = {isa = PBXFileReference; fileEncoding = 4; lastKnownFileType = sourcecode.cpp.objcpp; path = ImageProcessingImplementation.mm; sourceTree = "<group>"; };
		0E20428E15824FF5009D88F2 /* ImageProcessor.cpp */ = {isa = PBXFileReference; fileEncoding = 4; lastKnownFileType = sourcecode.cpp.cpp; path = ImageProcessor.cpp; sourceTree = "<group>"; };
		0E20428F15824FF5009D88F2 /* ImageProcessor.h */ = {isa = PBXFileReference; fileEncoding = 4; lastKnownFileType = sourcecode.c.h; path = ImageProcessor.h; sourceTree = "<group>"; };
		0E20429715825303009D88F2 /* AVFoundation.framework */ = {isa = PBXFileReference; lastKnownFileType = wrapper.framework; name = AVFoundation.framework; path = System/Library/Frameworks/AVFoundation.framework; sourceTree = SDKROOT; };
		0E20429915825308009D88F2 /* ImageIO.framework */ = {isa = PBXFileReference; lastKnownFileType = wrapper.framework; name = ImageIO.framework; path = System/Library/Frameworks/ImageIO.framework; sourceTree = SDKROOT; };
		0E20429B15825316009D88F2 /* libz.dylib */ = {isa = PBXFileReference; lastKnownFileType = "compiled.mach-o.dylib"; name = libz.dylib; path = usr/lib/libz.dylib; sourceTree = SDKROOT; };
		0E20429D1582531F009D88F2 /* CoreVideo.framework */ = {isa = PBXFileReference; lastKnownFileType = wrapper.framework; name = CoreVideo.framework; path = System/Library/Frameworks/CoreVideo.framework; sourceTree = SDKROOT; };
		0E20429F15825324009D88F2 /* CoreMedia.framework */ = {isa = PBXFileReference; lastKnownFileType = wrapper.framework; name = CoreMedia.framework; path = System/Library/Frameworks/CoreMedia.framework; sourceTree = SDKROOT; };
		0E2042A515825612009D88F2 /* UIImage+OpenCV.h */ = {isa = PBXFileReference; fileEncoding = 4; lastKnownFileType = sourcecode.c.h; path = "UIImage+OpenCV.h"; sourceTree = "<group>"; };
		0E2042A615825612009D88F2 /* UIImage+OpenCV.mm */ = {isa = PBXFileReference; fileEncoding = 4; lastKnownFileType = sourcecode.cpp.objcpp; path = "UIImage+OpenCV.mm"; sourceTree = "<group>"; };
		0E74049115825A5E006AE2B4 /* tessdata */ = {isa = PBXFileReference; lastKnownFileType = folder; path = tessdata; sourceTree = "<group>"; };
		6442C35B3A894F23BF9DB1A8 /* libPods.a */ = {isa = PBXFileReference; explicitFileType = archive.ar; includeInIndex = 0; path = libPods.a; sourceTree = BUILT_PRODUCTS_DIR; };
/* End PBXFileReference section */

/* Begin PBXFrameworksBuildPhase section */
		0E20426315824F34009D88F2 /* Frameworks */ = {
			isa = PBXFrameworksBuildPhase;
			buildActionMask = 2147483647;
			files = (
				0E2042A015825324009D88F2 /* CoreMedia.framework in Frameworks */,
				0E20429E1582531F009D88F2 /* CoreVideo.framework in Frameworks */,
				0E20429C15825316009D88F2 /* libz.dylib in Frameworks */,
				0E20429A15825308009D88F2 /* ImageIO.framework in Frameworks */,
				0E20429815825303009D88F2 /* AVFoundation.framework in Frameworks */,
				0E20426B15824F34009D88F2 /* UIKit.framework in Frameworks */,
				0E20426D15824F34009D88F2 /* Foundation.framework in Frameworks */,
				0E20426F15824F34009D88F2 /* CoreGraphics.framework in Frameworks */,
				0C4F6D0829C540F3B7E86E23 /* libPods.a in Frameworks */,
			);
			runOnlyForDeploymentPostprocessing = 0;
		};
/* End PBXFrameworksBuildPhase section */

/* Begin PBXGroup section */
		0E20425B15824F34009D88F2 = {
			isa = PBXGroup;
			children = (
				0E20427015824F35009D88F2 /* TestOCR */,
				0E20426915824F34009D88F2 /* Frameworks */,
				0E20426715824F34009D88F2 /* Products */,
				0997D6262A934A0E9CDE4161 /* Pods.xcconfig */,
			);
			sourceTree = "<group>";
		};
		0E20426715824F34009D88F2 /* Products */ = {
			isa = PBXGroup;
			children = (
				0E20426615824F34009D88F2 /* TestOCR.app */,
			);
			name = Products;
			sourceTree = "<group>";
		};
		0E20426915824F34009D88F2 /* Frameworks */ = {
			isa = PBXGroup;
			children = (
				0E20429F15825324009D88F2 /* CoreMedia.framework */,
				0E20429D1582531F009D88F2 /* CoreVideo.framework */,
				0E20429B15825316009D88F2 /* libz.dylib */,
				0E20429915825308009D88F2 /* ImageIO.framework */,
				0E20429715825303009D88F2 /* AVFoundation.framework */,
				0E20426A15824F34009D88F2 /* UIKit.framework */,
				0E20426C15824F34009D88F2 /* Foundation.framework */,
				0E20426E15824F34009D88F2 /* CoreGraphics.framework */,
				6442C35B3A894F23BF9DB1A8 /* libPods.a */,
			);
			name = Frameworks;
			sourceTree = "<group>";
		};
		0E20427015824F35009D88F2 /* TestOCR */ = {
			isa = PBXGroup;
			children = (
				0E74049115825A5E006AE2B4 /* tessdata */,
				0E20427915824F35009D88F2 /* AppDelegate.h */,
				0E20427A15824F35009D88F2 /* AppDelegate.m */,
				0E20427C15824F35009D88F2 /* MainStoryboard.storyboard */,
				0E20427F15824F35009D88F2 /* ViewController.h */,
				0E20428015824F35009D88F2 /* ViewController.m */,
				0E20428B15824FF5009D88F2 /* ImageProcessingProtocol.h */,
				0E20428C15824FF5009D88F2 /* ImageProcessingImplementation.h */,
				0E20428D15824FF5009D88F2 /* ImageProcessingImplementation.mm */,
				0E20428E15824FF5009D88F2 /* ImageProcessor.cpp */,
				0E20428F15824FF5009D88F2 /* ImageProcessor.h */,
				0E2042A515825612009D88F2 /* UIImage+OpenCV.h */,
				0E2042A615825612009D88F2 /* UIImage+OpenCV.mm */,
				0E0ECC131583681400116FAE /* UIImage+operation.h */,
				0E0ECC141583681400116FAE /* UIImage+operation.m */,
				0E20427115824F35009D88F2 /* Supporting Files */,
			);
			name = TestOCR;
			path = infojobOCR;
			sourceTree = "<group>";
		};
		0E20427115824F35009D88F2 /* Supporting Files */ = {
			isa = PBXGroup;
			children = (
				0E20427215824F35009D88F2 /* TestOCR-Info.plist */,
				0E20427315824F35009D88F2 /* InfoPlist.strings */,
				0E20427615824F35009D88F2 /* main.m */,
				0E20427815824F35009D88F2 /* TestOCR-Prefix.pch */,
			);
			name = "Supporting Files";
			sourceTree = "<group>";
		};
/* End PBXGroup section */

/* Begin PBXNativeTarget section */
		0E20426515824F34009D88F2 /* TestOCR */ = {
			isa = PBXNativeTarget;
			buildConfigurationList = 0E20428415824F35009D88F2 /* Build configuration list for PBXNativeTarget "TestOCR" */;
			buildPhases = (
				B676B766E76B4C5F9460B0DD /* Check Pods Manifest.lock */,
				0E20426215824F34009D88F2 /* Sources */,
				0E20426315824F34009D88F2 /* Frameworks */,
				0E20426415824F34009D88F2 /* Resources */,
				5D4D7A6961374D8AB26D855E /* Copy Pods Resources */,
			);
			buildRules = (
			);
			dependencies = (
			);
			name = TestOCR;
			productName = infojobOCR;
			productReference = 0E20426615824F34009D88F2 /* TestOCR.app */;
			productType = "com.apple.product-type.application";
		};
/* End PBXNativeTarget section */

/* Begin PBXProject section */
		0E20425D15824F34009D88F2 /* Project object */ = {
			isa = PBXProject;
			attributes = {
				LastUpgradeCheck = 0430;
				ORGANIZATIONNAME = 26775;
			};
			buildConfigurationList = 0E20426015824F34009D88F2 /* Build configuration list for PBXProject "TestOCR" */;
			compatibilityVersion = "Xcode 3.2";
			developmentRegion = English;
			hasScannedForEncodings = 0;
			knownRegions = (
				en,
			);
			mainGroup = 0E20425B15824F34009D88F2;
			productRefGroup = 0E20426715824F34009D88F2 /* Products */;
			projectDirPath = "";
			projectRoot = "";
			targets = (
				0E20426515824F34009D88F2 /* TestOCR */,
			);
		};
/* End PBXProject section */

/* Begin PBXResourcesBuildPhase section */
		0E20426415824F34009D88F2 /* Resources */ = {
			isa = PBXResourcesBuildPhase;
			buildActionMask = 2147483647;
			files = (
				0E20427515824F35009D88F2 /* InfoPlist.strings in Resources */,
				0E20427E15824F35009D88F2 /* MainStoryboard.storyboard in Resources */,
				0E74049215825A5E006AE2B4 /* tessdata in Resources */,
			);
			runOnlyForDeploymentPostprocessing = 0;
		};
/* End PBXResourcesBuildPhase section */

/* Begin PBXShellScriptBuildPhase section */
		5D4D7A6961374D8AB26D855E /* Copy Pods Resources */ = {
			isa = PBXShellScriptBuildPhase;
			buildActionMask = 2147483647;
			files = (
			);
			inputPaths = (
			);
			name = "Copy Pods Resources";
			outputPaths = (
			);
			runOnlyForDeploymentPostprocessing = 0;
			shellPath = /bin/sh;
			shellScript = "\"${SRCROOT}/Pods/Pods-resources.sh\"\n";
		};
		B676B766E76B4C5F9460B0DD /* Check Pods Manifest.lock */ = {
			isa = PBXShellScriptBuildPhase;
			buildActionMask = 2147483647;
			files = (
			);
			inputPaths = (
			);
			name = "Check Pods Manifest.lock";
			outputPaths = (
			);
			runOnlyForDeploymentPostprocessing = 0;
			shellPath = /bin/sh;
			shellScript = "diff \"${PODS_ROOT}/../Podfile.lock\" \"${PODS_ROOT}/Manifest.lock\" > /dev/null\nif [[ $? != 0 ]] ; then\n    cat << EOM\nerror: The sandbox is not in sync with the Podfile.lock. Run 'pod install' or update your CocoaPods installation.\nEOM\n    exit 1\nfi\n";
		};
/* End PBXShellScriptBuildPhase section */

/* Begin PBXSourcesBuildPhase section */
		0E20426215824F34009D88F2 /* Sources */ = {
			isa = PBXSourcesBuildPhase;
			buildActionMask = 2147483647;
			files = (
				0E20427715824F35009D88F2 /* main.m in Sources */,
				0E20427B15824F35009D88F2 /* AppDelegate.m in Sources */,
				0E20428115824F35009D88F2 /* ViewController.m in Sources */,
				0E20429015824FF5009D88F2 /* ImageProcessingImplementation.mm in Sources */,
				0E20429115824FF5009D88F2 /* ImageProcessor.cpp in Sources */,
				0E2042A715825613009D88F2 /* UIImage+OpenCV.mm in Sources */,
				0E0ECC151583681400116FAE /* UIImage+operation.m in Sources */,
			);
			runOnlyForDeploymentPostprocessing = 0;
		};
/* End PBXSourcesBuildPhase section */

/* Begin PBXVariantGroup section */
		0E20427315824F35009D88F2 /* InfoPlist.strings */ = {
			isa = PBXVariantGroup;
			children = (
				0E20427415824F35009D88F2 /* en */,
			);
			name = InfoPlist.strings;
			sourceTree = "<group>";
		};
		0E20427C15824F35009D88F2 /* MainStoryboard.storyboard */ = {
			isa = PBXVariantGroup;
			children = (
				0E20427D15824F35009D88F2 /* en */,
			);
			name = MainStoryboard.storyboard;
			sourceTree = "<group>";
		};
/* End PBXVariantGroup section */

/* Begin XCBuildConfiguration section */
		0E20428215824F35009D88F2 /* Debug */ = {
			isa = XCBuildConfiguration;
			buildSettings = {
				ALWAYS_SEARCH_USER_PATHS = NO;
				ARCHS = "$(ARCHS_STANDARD_32_BIT)";
				CLANG_ENABLE_OBJC_ARC = YES;
				"CODE_SIGN_IDENTITY[sdk=iphoneos*]" = "iPhone Developer";
				COPY_PHASE_STRIP = NO;
				GCC_C_LANGUAGE_STANDARD = gnu99;
				GCC_DYNAMIC_NO_PIC = NO;
				GCC_OPTIMIZATION_LEVEL = 0;
				GCC_PREPROCESSOR_DEFINITIONS = (
					"DEBUG=1",
					"$(inherited)",
				);
				GCC_SYMBOLS_PRIVATE_EXTERN = NO;
				GCC_VERSION = com.apple.compilers.llvm.clang.1_0;
				GCC_WARN_ABOUT_RETURN_TYPE = YES;
				GCC_WARN_UNINITIALIZED_AUTOS = YES;
				GCC_WARN_UNUSED_VARIABLE = YES;
				IPHONEOS_DEPLOYMENT_TARGET = 5.1;
				SDKROOT = iphoneos;
			};
			name = Debug;
		};
		0E20428315824F35009D88F2 /* Release */ = {
			isa = XCBuildConfiguration;
			buildSettings = {
				ALWAYS_SEARCH_USER_PATHS = NO;
				ARCHS = "$(ARCHS_STANDARD_32_BIT)";
				CLANG_ENABLE_OBJC_ARC = YES;
				"CODE_SIGN_IDENTITY[sdk=iphoneos*]" = "iPhone Developer";
				COPY_PHASE_STRIP = YES;
				GCC_C_LANGUAGE_STANDARD = gnu99;
				GCC_VERSION = com.apple.compilers.llvm.clang.1_0;
				GCC_WARN_ABOUT_RETURN_TYPE = YES;
				GCC_WARN_UNINITIALIZED_AUTOS = YES;
				GCC_WARN_UNUSED_VARIABLE = YES;
				IPHONEOS_DEPLOYMENT_TARGET = 5.1;
				OTHER_CFLAGS = "-DNS_BLOCK_ASSERTIONS=1";
				SDKROOT = iphoneos;
				VALIDATE_PRODUCT = YES;
			};
			name = Release;
		};
		0E20428515824F35009D88F2 /* Debug */ = {
			isa = XCBuildConfiguration;
			baseConfigurationReference = 0997D6262A934A0E9CDE4161 /* Pods.xcconfig */;
			buildSettings = {
				FRAMEWORK_SEARCH_PATHS = (
					"$(inherited)",
					"\"$(SRCROOT)\"",
				);
				GCC_PRECOMPILE_PREFIX_HEADER = YES;
				GCC_PREFIX_HEADER = "infojobOCR/TestOCR-Prefix.pch";
				INFOPLIST_FILE = "infojobOCR/TestOCR-Info.plist";
				LIBRARY_SEARCH_PATHS = "$(inherited)";
				PRODUCT_NAME = TestOCR;
				WRAPPER_EXTENSION = app;
			};
			name = Debug;
		};
		0E20428615824F35009D88F2 /* Release */ = {
			isa = XCBuildConfiguration;
			baseConfigurationReference = 0997D6262A934A0E9CDE4161 /* Pods.xcconfig */;
			buildSettings = {
				FRAMEWORK_SEARCH_PATHS = (
					"$(inherited)",
					"\"$(SRCROOT)\"",
				);
				GCC_PRECOMPILE_PREFIX_HEADER = YES;
				GCC_PREFIX_HEADER = "infojobOCR/TestOCR-Prefix.pch";
				INFOPLIST_FILE = "infojobOCR/TestOCR-Info.plist";
				LIBRARY_SEARCH_PATHS = "$(inherited)";
				PRODUCT_NAME = TestOCR;
				WRAPPER_EXTENSION = app;
			};
			name = Release;
		};
/* End XCBuildConfiguration section */

/* Begin XCConfigurationList section */
		0E20426015824F34009D88F2 /* Build configuration list for PBXProject "TestOCR" */ = {
			isa = XCConfigurationList;
			buildConfigurations = (
				0E20428215824F35009D88F2 /* Debug */,
				0E20428315824F35009D88F2 /* Release */,
			);
			defaultConfigurationIsVisible = 0;
			defaultConfigurationName = Release;
		};
		0E20428415824F35009D88F2 /* Build configuration list for PBXNativeTarget "TestOCR" */ = {
			isa = XCConfigurationList;
			buildConfigurations = (
				0E20428515824F35009D88F2 /* Debug */,
				0E20428615824F35009D88F2 /* Release */,
			);
			defaultConfigurationIsVisible = 0;
			defaultConfigurationName = Release;
		};
/* End XCConfigurationList section */
	};
	rootObject = 0E20425D15824F34009D88F2 /* Project object */;
}
